
Microsoft Visual Studio Solution File, Format Version 12.00
# Visual Studio 15
VisualStudioVersion = 15.0.27004.2009
MinimumVisualStudioVersion = 10.0.40219.1
Project("{FAE04EC0-301F-11D3-BF4B-00C04F79EFBC}") = "Housekeeping", "FALMHousekeeping\Housekeeping.csproj", "{26C54771-07CD-45AB-88DC-0AF871BE8E0E}"
EndProject
Project("{2150E333-8FDC-42A3-9474-1A3956D46DE8}") = "Solution Items", "Solution Items", "{DDE93381-B0E3-48C4-86EB-724A611B4C8F}"
	ProjectSection(SolutionItems) = preProject
		.gitattributes = .gitattributes
		.gitignore = .gitignore
		FALMHousekeeping.nuspec = FALMHousekeeping.nuspec
		LICENSE = LICENSE
		README.md = README.md
	EndProjectSection
EndProject
Project("{FAE04EC0-301F-11D3-BF4B-00C04F79EFBC}") = "UmbracoWeb", "UmbracoWeb\UmbracoWeb.csproj", "{7AFA0E91-BB27-4271-94F0-38493AC2737D}"
EndProject
Global
	GlobalSection(SolutionConfigurationPlatforms) = preSolution
		Debug|Any CPU = Debug|Any CPU
		Release|Any CPU = Release|Any CPU
	EndGlobalSection
	GlobalSection(ProjectConfigurationPlatforms) = postSolution
		{26C54771-07CD-45AB-88DC-0AF871BE8E0E}.Debug|Any CPU.ActiveCfg = Debug|Any CPU
		{26C54771-07CD-45AB-88DC-0AF871BE8E0E}.Debug|Any CPU.Build.0 = Debug|Any CPU
		{26C54771-07CD-45AB-88DC-0AF871BE8E0E}.Release|Any CPU.ActiveCfg = Debug|Any CPU
		{26C54771-07CD-45AB-88DC-0AF871BE8E0E}.Release|Any CPU.Build.0 = Debug|Any CPU
		{7AFA0E91-BB27-4271-94F0-38493AC2737D}.Debug|Any CPU.ActiveCfg = Debug|Any CPU
		{7AFA0E91-BB27-4271-94F0-38493AC2737D}.Release|Any CPU.ActiveCfg = Debug|Any CPU
	EndGlobalSection
	GlobalSection(SolutionProperties) = preSolution
		HideSolutionNode = FALSE
	EndGlobalSection
	GlobalSection(ExtensibilityGlobals) = postSolution
		SolutionGuid = {EB831319-EEDE-4DB6-835E-82C91EBBD763}
	EndGlobalSection
EndGlobal
