
Microsoft Visual Studio Solution File, Format Version 12.00
# Visual Studio 14
VisualStudioVersion = 14.0.23107.0
MinimumVisualStudioVersion = 10.0.40219.1
Project("{FAE04EC0-301F-11D3-BF4B-00C04F79EFBC}") = "FALMHousekeepingLogsManager", "HousekeepingLogsManager\FALMHousekeepingLogsManager.csproj", "{3D372EB8-ED22-4C5F-9964-440CDC9A0F1E}"
EndProject
Project("{FAE04EC0-301F-11D3-BF4B-00C04F79EFBC}") = "FALMHousekeepingUsersManager", "HousekeepingUsersManager\FALMHousekeepingUsersManager.csproj", "{AA98672E-2113-41F9-A47A-D948A186FEBA}"
EndProject
Project("{FAE04EC0-301F-11D3-BF4B-00C04F79EFBC}") = "FALMHousekeepingMediaManager", "HousekeepingMediaManager\FALMHousekeepingMediaManager.csproj", "{1922BB59-8016-455A-AF19-4DAF4B655B5A}"
EndProject
Project("{FAE04EC0-301F-11D3-BF4B-00C04F79EFBC}") = "FALMHousekeeping", "HousekeepingCommon\FALMHousekeeping.csproj", "{49A2B2DF-9C9E-4728-8B96-146855C96CF0}"
EndProject
Project("{FAE04EC0-301F-11D3-BF4B-00C04F79EFBC}") = "FALMHousekeepingVersionsManager", "HousekeepingVersionsManager\FALMHousekeepingVersionsManager.csproj", "{88C26A45-5C8C-4103-B1CF-1F97B46528AC}"
EndProject
Global
	GlobalSection(SolutionConfigurationPlatforms) = preSolution
		Debug|Any CPU = Debug|Any CPU
		Release|Any CPU = Release|Any CPU
	EndGlobalSection
	GlobalSection(ProjectConfigurationPlatforms) = postSolution
		{3D372EB8-ED22-4C5F-9964-440CDC9A0F1E}.Debug|Any CPU.ActiveCfg = Debug|Any CPU
		{3D372EB8-ED22-4C5F-9964-440CDC9A0F1E}.Debug|Any CPU.Build.0 = Debug|Any CPU
		{3D372EB8-ED22-4C5F-9964-440CDC9A0F1E}.Release|Any CPU.ActiveCfg = Release|Any CPU
		{3D372EB8-ED22-4C5F-9964-440CDC9A0F1E}.Release|Any CPU.Build.0 = Release|Any CPU
		{AA98672E-2113-41F9-A47A-D948A186FEBA}.Debug|Any CPU.ActiveCfg = Debug|Any CPU
		{AA98672E-2113-41F9-A47A-D948A186FEBA}.Debug|Any CPU.Build.0 = Debug|Any CPU
		{AA98672E-2113-41F9-A47A-D948A186FEBA}.Release|Any CPU.ActiveCfg = Release|Any CPU
		{AA98672E-2113-41F9-A47A-D948A186FEBA}.Release|Any CPU.Build.0 = Release|Any CPU
		{1922BB59-8016-455A-AF19-4DAF4B655B5A}.Debug|Any CPU.ActiveCfg = Debug|Any CPU
		{1922BB59-8016-455A-AF19-4DAF4B655B5A}.Debug|Any CPU.Build.0 = Debug|Any CPU
		{1922BB59-8016-455A-AF19-4DAF4B655B5A}.Release|Any CPU.ActiveCfg = Release|Any CPU
		{1922BB59-8016-455A-AF19-4DAF4B655B5A}.Release|Any CPU.Build.0 = Release|Any CPU
		{49A2B2DF-9C9E-4728-8B96-146855C96CF0}.Debug|Any CPU.ActiveCfg = Debug|Any CPU
		{49A2B2DF-9C9E-4728-8B96-146855C96CF0}.Debug|Any CPU.Build.0 = Debug|Any CPU
		{49A2B2DF-9C9E-4728-8B96-146855C96CF0}.Release|Any CPU.ActiveCfg = Release|Any CPU
		{49A2B2DF-9C9E-4728-8B96-146855C96CF0}.Release|Any CPU.Build.0 = Release|Any CPU
		{88C26A45-5C8C-4103-B1CF-1F97B46528AC}.Debug|Any CPU.ActiveCfg = Debug|Any CPU
		{88C26A45-5C8C-4103-B1CF-1F97B46528AC}.Debug|Any CPU.Build.0 = Debug|Any CPU
		{88C26A45-5C8C-4103-B1CF-1F97B46528AC}.Release|Any CPU.ActiveCfg = Release|Any CPU
		{88C26A45-5C8C-4103-B1CF-1F97B46528AC}.Release|Any CPU.Build.0 = Release|Any CPU
	EndGlobalSection
	GlobalSection(SolutionProperties) = preSolution
		HideSolutionNode = FALSE
	EndGlobalSection
EndGlobal
